
Microsoft Visual Studio Solution File, Format Version 12.00
Project("{FAE04EC0-301F-11D3-BF4B-00C04F79EFBC}") = "AspNetCore", "AspNetCore.csproj", "{BFE54046-80A0-4D49-A3EB-40C471D85317}"
EndProject
Global
	GlobalSection(SolutionConfigurationPlatforms) = preSolution
		Debug|Any CPU = Debug|Any CPU
		Release|Any CPU = Release|Any CPU
	EndGlobalSection
	GlobalSection(ProjectConfigurationPlatforms) = postSolution
		{BFE54046-80A0-4D49-A3EB-40C471D85317}.Debug|Any CPU.ActiveCfg = Debug|Any CPU
		{BFE54046-80A0-4D49-A3EB-40C471D85317}.Debug|Any CPU.Build.0 = Debug|Any CPU
		{BFE54046-80A0-4D49-A3EB-40C471D85317}.Release|Any CPU.ActiveCfg = Release|Any CPU
		{BFE54046-80A0-4D49-A3EB-40C471D85317}.Release|Any CPU.Build.0 = Release|Any CPU
	EndGlobalSection
EndGlobal
